{
  "name": "fsm-demo",
  "lockfileVersion": 3,
  "requires": true,
  "packages": {
    "": {
      "dependencies": {
        "fsm-shell": "^1.19.0"
      }
    },
    "node_modules/fsm-shell": {
      "version": "1.19.0",
      "resolved": "https://registry.npmjs.org/fsm-shell/-/fsm-shell-1.19.0.tgz",
      "integrity": "sha512-dJoX4AAMHCheqr1hoBuWdo8sibXfAzQ0BnEArrBMmhg7H2lUgOazCOuhgNRIVBbm0ynFPI5LTOiUAqCb8ZcZtA=="
    }
  }
}
